
Microsoft Visual Studio Solution File, Format Version 12.00
# Visual Studio 15
VisualStudioVersion = 15.0.26228.4
MinimumVisualStudioVersion = 10.0.40219.1
Project("{FAE04EC0-301F-11D3-BF4B-00C04F79EFBC}") = "BoTable", "BoTable\BoTable\BoTable.csproj", "{314752C2-0784-41D3-A4E7-3092D03CF321}"
EndProject
Project("{FAE04EC0-301F-11D3-BF4B-00C04F79EFBC}") = "BoTable.Droid", "BoTable\BoTable.Droid\BoTable.Droid.csproj", "{FFB202B9-2B0F-409E-AEC0-63101CD1EAAB}"
EndProject
Project("{FAE04EC0-301F-11D3-BF4B-00C04F79EFBC}") = "BoTable.iOS", "BoTable\BoTable.iOS\BoTable.iOS.csproj", "{D96BBBDA-457D-41D2-99D8-19DF2ACFEBED}"
EndProject
Global
	GlobalSection(SolutionConfigurationPlatforms) = preSolution
		Ad-Hoc|Any CPU = Ad-Hoc|Any CPU
		Ad-Hoc|iPhone = Ad-Hoc|iPhone
		Ad-Hoc|iPhoneSimulator = Ad-Hoc|iPhoneSimulator
		AppStore|Any CPU = AppStore|Any CPU
		AppStore|iPhone = AppStore|iPhone
		AppStore|iPhoneSimulator = AppStore|iPhoneSimulator
		Debug|Any CPU = Debug|Any CPU
		Debug|iPhone = Debug|iPhone
		Debug|iPhoneSimulator = Debug|iPhoneSimulator
		Release|Any CPU = Release|Any CPU
		Release|iPhone = Release|iPhone
		Release|iPhoneSimulator = Release|iPhoneSimulator
	EndGlobalSection
	GlobalSection(ProjectConfigurationPlatforms) = postSolution
		{314752C2-0784-41D3-A4E7-3092D03CF321}.Ad-Hoc|Any CPU.ActiveCfg = Release|Any CPU
		{314752C2-0784-41D3-A4E7-3092D03CF321}.Ad-Hoc|Any CPU.Build.0 = Release|Any CPU
		{314752C2-0784-41D3-A4E7-3092D03CF321}.Ad-Hoc|iPhone.ActiveCfg = Release|Any CPU
		{314752C2-0784-41D3-A4E7-3092D03CF321}.Ad-Hoc|iPhone.Build.0 = Release|Any CPU
		{314752C2-0784-41D3-A4E7-3092D03CF321}.Ad-Hoc|iPhoneSimulator.ActiveCfg = Release|Any CPU
		{314752C2-0784-41D3-A4E7-3092D03CF321}.Ad-Hoc|iPhoneSimulator.Build.0 = Release|Any CPU
		{314752C2-0784-41D3-A4E7-3092D03CF321}.AppStore|Any CPU.ActiveCfg = Release|Any CPU
		{314752C2-0784-41D3-A4E7-3092D03CF321}.AppStore|Any CPU.Build.0 = Release|Any CPU
		{314752C2-0784-41D3-A4E7-3092D03CF321}.AppStore|iPhone.ActiveCfg = Release|Any CPU
		{314752C2-0784-41D3-A4E7-3092D03CF321}.AppStore|iPhone.Build.0 = Release|Any CPU
		{314752C2-0784-41D3-A4E7-3092D03CF321}.AppStore|iPhoneSimulator.ActiveCfg = Release|Any CPU
		{314752C2-0784-41D3-A4E7-3092D03CF321}.AppStore|iPhoneSimulator.Build.0 = Release|Any CPU
		{314752C2-0784-41D3-A4E7-3092D03CF321}.Debug|Any CPU.ActiveCfg = Debug|Any CPU
		{314752C2-0784-41D3-A4E7-3092D03CF321}.Debug|Any CPU.Build.0 = Debug|Any CPU
		{314752C2-0784-41D3-A4E7-3092D03CF321}.Debug|iPhone.ActiveCfg = Debug|Any CPU
		{314752C2-0784-41D3-A4E7-3092D03CF321}.Debug|iPhone.Build.0 = Debug|Any CPU
		{314752C2-0784-41D3-A4E7-3092D03CF321}.Debug|iPhoneSimulator.ActiveCfg = Debug|Any CPU
		{314752C2-0784-41D3-A4E7-3092D03CF321}.Debug|iPhoneSimulator.Build.0 = Debug|Any CPU
		{314752C2-0784-41D3-A4E7-3092D03CF321}.Release|Any CPU.ActiveCfg = Release|Any CPU
		{314752C2-0784-41D3-A4E7-3092D03CF321}.Release|Any CPU.Build.0 = Release|Any CPU
		{314752C2-0784-41D3-A4E7-3092D03CF321}.Release|iPhone.ActiveCfg = Release|Any CPU
		{314752C2-0784-41D3-A4E7-3092D03CF321}.Release|iPhone.Build.0 = Release|Any CPU
		{314752C2-0784-41D3-A4E7-3092D03CF321}.Release|iPhoneSimulator.ActiveCfg = Release|Any CPU
		{314752C2-0784-41D3-A4E7-3092D03CF321}.Release|iPhoneSimulator.Build.0 = Release|Any CPU
		{FFB202B9-2B0F-409E-AEC0-63101CD1EAAB}.Ad-Hoc|Any CPU.ActiveCfg = Release|Any CPU
		{FFB202B9-2B0F-409E-AEC0-63101CD1EAAB}.Ad-Hoc|Any CPU.Build.0 = Release|Any CPU
		{FFB202B9-2B0F-409E-AEC0-63101CD1EAAB}.Ad-Hoc|Any CPU.Deploy.0 = Release|Any CPU
		{FFB202B9-2B0F-409E-AEC0-63101CD1EAAB}.Ad-Hoc|iPhone.ActiveCfg = Release|Any CPU
		{FFB202B9-2B0F-409E-AEC0-63101CD1EAAB}.Ad-Hoc|iPhone.Build.0 = Release|Any CPU
		{FFB202B9-2B0F-409E-AEC0-63101CD1EAAB}.Ad-Hoc|iPhone.Deploy.0 = Release|Any CPU
		{FFB202B9-2B0F-409E-AEC0-63101CD1EAAB}.Ad-Hoc|iPhoneSimulator.ActiveCfg = Release|Any CPU
		{FFB202B9-2B0F-409E-AEC0-63101CD1EAAB}.Ad-Hoc|iPhoneSimulator.Build.0 = Release|Any CPU
		{FFB202B9-2B0F-409E-AEC0-63101CD1EAAB}.Ad-Hoc|iPhoneSimulator.Deploy.0 = Release|Any CPU
		{FFB202B9-2B0F-409E-AEC0-63101CD1EAAB}.AppStore|Any CPU.ActiveCfg = Release|Any CPU
		{FFB202B9-2B0F-409E-AEC0-63101CD1EAAB}.AppStore|Any CPU.Build.0 = Release|Any CPU
		{FFB202B9-2B0F-409E-AEC0-63101CD1EAAB}.AppStore|Any CPU.Deploy.0 = Release|Any CPU
		{FFB202B9-2B0F-409E-AEC0-63101CD1EAAB}.AppStore|iPhone.ActiveCfg = Release|Any CPU
		{FFB202B9-2B0F-409E-AEC0-63101CD1EAAB}.AppStore|iPhone.Build.0 = Release|Any CPU
		{FFB202B9-2B0F-409E-AEC0-63101CD1EAAB}.AppStore|iPhone.Deploy.0 = Release|Any CPU
		{FFB202B9-2B0F-409E-AEC0-63101CD1EAAB}.AppStore|iPhoneSimulator.ActiveCfg = Release|Any CPU
		{FFB202B9-2B0F-409E-AEC0-63101CD1EAAB}.AppStore|iPhoneSimulator.Build.0 = Release|Any CPU
		{FFB202B9-2B0F-409E-AEC0-63101CD1EAAB}.AppStore|iPhoneSimulator.Deploy.0 = Release|Any CPU
		{FFB202B9-2B0F-409E-AEC0-63101CD1EAAB}.Debug|Any CPU.ActiveCfg = Debug|Any CPU
		{FFB202B9-2B0F-409E-AEC0-63101CD1EAAB}.Debug|Any CPU.Build.0 = Debug|Any CPU
		{FFB202B9-2B0F-409E-AEC0-63101CD1EAAB}.Debug|Any CPU.Deploy.0 = Debug|Any CPU
		{FFB202B9-2B0F-409E-AEC0-63101CD1EAAB}.Debug|iPhone.ActiveCfg = Debug|Any CPU
		{FFB202B9-2B0F-409E-AEC0-63101CD1EAAB}.Debug|iPhone.Build.0 = Debug|Any CPU
		{FFB202B9-2B0F-409E-AEC0-63101CD1EAAB}.Debug|iPhone.Deploy.0 = Debug|Any CPU
		{FFB202B9-2B0F-409E-AEC0-63101CD1EAAB}.Debug|iPhoneSimulator.ActiveCfg = Debug|Any CPU
		{FFB202B9-2B0F-409E-AEC0-63101CD1EAAB}.Debug|iPhoneSimulator.Build.0 = Debug|Any CPU
		{FFB202B9-2B0F-409E-AEC0-63101CD1EAAB}.Debug|iPhoneSimulator.Deploy.0 = Debug|Any CPU
		{FFB202B9-2B0F-409E-AEC0-63101CD1EAAB}.Release|Any CPU.ActiveCfg = Release|Any CPU
		{FFB202B9-2B0F-409E-AEC0-63101CD1EAAB}.Release|Any CPU.Build.0 = Release|Any CPU
		{FFB202B9-2B0F-409E-AEC0-63101CD1EAAB}.Release|Any CPU.Deploy.0 = Release|Any CPU
		{FFB202B9-2B0F-409E-AEC0-63101CD1EAAB}.Release|iPhone.ActiveCfg = Release|Any CPU
		{FFB202B9-2B0F-409E-AEC0-63101CD1EAAB}.Release|iPhone.Build.0 = Release|Any CPU
		{FFB202B9-2B0F-409E-AEC0-63101CD1EAAB}.Release|iPhone.Deploy.0 = Release|Any CPU
		{FFB202B9-2B0F-409E-AEC0-63101CD1EAAB}.Release|iPhoneSimulator.ActiveCfg = Release|Any CPU
		{FFB202B9-2B0F-409E-AEC0-63101CD1EAAB}.Release|iPhoneSimulator.Build.0 = Release|Any CPU
		{FFB202B9-2B0F-409E-AEC0-63101CD1EAAB}.Release|iPhoneSimulator.Deploy.0 = Release|Any CPU
		{D96BBBDA-457D-41D2-99D8-19DF2ACFEBED}.Ad-Hoc|Any CPU.ActiveCfg = Ad-Hoc|iPhone
		{D96BBBDA-457D-41D2-99D8-19DF2ACFEBED}.Ad-Hoc|iPhone.ActiveCfg = Ad-Hoc|iPhone
		{D96BBBDA-457D-41D2-99D8-19DF2ACFEBED}.Ad-Hoc|iPhone.Build.0 = Ad-Hoc|iPhone
		{D96BBBDA-457D-41D2-99D8-19DF2ACFEBED}.Ad-Hoc|iPhoneSimulator.ActiveCfg = Ad-Hoc|iPhoneSimulator
		{D96BBBDA-457D-41D2-99D8-19DF2ACFEBED}.Ad-Hoc|iPhoneSimulator.Build.0 = Ad-Hoc|iPhoneSimulator
		{D96BBBDA-457D-41D2-99D8-19DF2ACFEBED}.AppStore|Any CPU.ActiveCfg = AppStore|iPhone
		{D96BBBDA-457D-41D2-99D8-19DF2ACFEBED}.AppStore|iPhone.ActiveCfg = AppStore|iPhone
		{D96BBBDA-457D-41D2-99D8-19DF2ACFEBED}.AppStore|iPhone.Build.0 = AppStore|iPhone
		{D96BBBDA-457D-41D2-99D8-19DF2ACFEBED}.AppStore|iPhoneSimulator.ActiveCfg = AppStore|iPhoneSimulator
		{D96BBBDA-457D-41D2-99D8-19DF2ACFEBED}.AppStore|iPhoneSimulator.Build.0 = AppStore|iPhoneSimulator
		{D96BBBDA-457D-41D2-99D8-19DF2ACFEBED}.Debug|Any CPU.ActiveCfg = Debug|iPhone
		{D96BBBDA-457D-41D2-99D8-19DF2ACFEBED}.Debug|iPhone.ActiveCfg = Debug|iPhone
		{D96BBBDA-457D-41D2-99D8-19DF2ACFEBED}.Debug|iPhone.Build.0 = Debug|iPhone
		{D96BBBDA-457D-41D2-99D8-19DF2ACFEBED}.Debug|iPhoneSimulator.ActiveCfg = Debug|iPhoneSimulator
		{D96BBBDA-457D-41D2-99D8-19DF2ACFEBED}.Debug|iPhoneSimulator.Build.0 = Debug|iPhoneSimulator
		{D96BBBDA-457D-41D2-99D8-19DF2ACFEBED}.Release|Any CPU.ActiveCfg = Release|iPhone
		{D96BBBDA-457D-41D2-99D8-19DF2ACFEBED}.Release|iPhone.ActiveCfg = Release|iPhone
		{D96BBBDA-457D-41D2-99D8-19DF2ACFEBED}.Release|iPhone.Build.0 = Release|iPhone
		{D96BBBDA-457D-41D2-99D8-19DF2ACFEBED}.Release|iPhoneSimulator.ActiveCfg = Release|iPhoneSimulator
		{D96BBBDA-457D-41D2-99D8-19DF2ACFEBED}.Release|iPhoneSimulator.Build.0 = Release|iPhoneSimulator
	EndGlobalSection
	GlobalSection(SolutionProperties) = preSolution
		HideSolutionNode = FALSE
	EndGlobalSection
EndGlobal
