
Microsoft Visual Studio Solution File, Format Version 12.00
# Visual Studio 2012
Project("{FAE04EC0-301F-11D3-BF4B-00C04F79EFBC}") = "BoTable", "BoTable\BoTable.csproj", "{AEE32CF2-C291-496B-A698-BC1C3E572D13}"
EndProject
Project("{FAE04EC0-301F-11D3-BF4B-00C04F79EFBC}") = "BoTable.iOS", "iOS\BoTable.iOS.csproj", "{A0BF8924-EA30-46BE-83A2-7F46DBC373E4}"
EndProject
Project("{FAE04EC0-301F-11D3-BF4B-00C04F79EFBC}") = "BoTable.Droid", "Droid\BoTable.Droid.csproj", "{0F7B4E29-6F82-4944-9302-7D3DEA9FA4B2}"
EndProject
Global
	GlobalSection(SolutionConfigurationPlatforms) = preSolution
		Debug|Any CPU = Debug|Any CPU
		Release|Any CPU = Release|Any CPU
		Debug|iPhoneSimulator = Debug|iPhoneSimulator
		Release|iPhone = Release|iPhone
		Release|iPhoneSimulator = Release|iPhoneSimulator
		Debug|iPhone = Debug|iPhone
	EndGlobalSection
	GlobalSection(ProjectConfigurationPlatforms) = postSolution
		{AEE32CF2-C291-496B-A698-BC1C3E572D13}.Debug|Any CPU.ActiveCfg = Debug|Any CPU
		{AEE32CF2-C291-496B-A698-BC1C3E572D13}.Debug|Any CPU.Build.0 = Debug|Any CPU
		{AEE32CF2-C291-496B-A698-BC1C3E572D13}.Release|Any CPU.ActiveCfg = Release|Any CPU
		{AEE32CF2-C291-496B-A698-BC1C3E572D13}.Release|Any CPU.Build.0 = Release|Any CPU
		{AEE32CF2-C291-496B-A698-BC1C3E572D13}.Debug|iPhoneSimulator.ActiveCfg = Debug|Any CPU
		{AEE32CF2-C291-496B-A698-BC1C3E572D13}.Debug|iPhoneSimulator.Build.0 = Debug|Any CPU
		{AEE32CF2-C291-496B-A698-BC1C3E572D13}.Release|iPhone.ActiveCfg = Release|Any CPU
		{AEE32CF2-C291-496B-A698-BC1C3E572D13}.Release|iPhone.Build.0 = Release|Any CPU
		{AEE32CF2-C291-496B-A698-BC1C3E572D13}.Release|iPhoneSimulator.ActiveCfg = Release|Any CPU
		{AEE32CF2-C291-496B-A698-BC1C3E572D13}.Release|iPhoneSimulator.Build.0 = Release|Any CPU
		{AEE32CF2-C291-496B-A698-BC1C3E572D13}.Debug|iPhone.ActiveCfg = Debug|Any CPU
		{AEE32CF2-C291-496B-A698-BC1C3E572D13}.Debug|iPhone.Build.0 = Debug|Any CPU
		{A0BF8924-EA30-46BE-83A2-7F46DBC373E4}.Debug|Any CPU.ActiveCfg = Debug|iPhoneSimulator
		{A0BF8924-EA30-46BE-83A2-7F46DBC373E4}.Debug|Any CPU.Build.0 = Debug|iPhoneSimulator
		{A0BF8924-EA30-46BE-83A2-7F46DBC373E4}.Release|Any CPU.ActiveCfg = Release|iPhone
		{A0BF8924-EA30-46BE-83A2-7F46DBC373E4}.Release|Any CPU.Build.0 = Release|iPhone
		{A0BF8924-EA30-46BE-83A2-7F46DBC373E4}.Debug|iPhoneSimulator.ActiveCfg = Debug|iPhoneSimulator
		{A0BF8924-EA30-46BE-83A2-7F46DBC373E4}.Debug|iPhoneSimulator.Build.0 = Debug|iPhoneSimulator
		{A0BF8924-EA30-46BE-83A2-7F46DBC373E4}.Release|iPhone.ActiveCfg = Release|iPhone
		{A0BF8924-EA30-46BE-83A2-7F46DBC373E4}.Release|iPhone.Build.0 = Release|iPhone
		{A0BF8924-EA30-46BE-83A2-7F46DBC373E4}.Release|iPhoneSimulator.ActiveCfg = Release|iPhoneSimulator
		{A0BF8924-EA30-46BE-83A2-7F46DBC373E4}.Release|iPhoneSimulator.Build.0 = Release|iPhoneSimulator
		{A0BF8924-EA30-46BE-83A2-7F46DBC373E4}.Debug|iPhone.ActiveCfg = Debug|iPhone
		{A0BF8924-EA30-46BE-83A2-7F46DBC373E4}.Debug|iPhone.Build.0 = Debug|iPhone
		{0F7B4E29-6F82-4944-9302-7D3DEA9FA4B2}.Debug|Any CPU.ActiveCfg = Debug|Any CPU
		{0F7B4E29-6F82-4944-9302-7D3DEA9FA4B2}.Debug|Any CPU.Build.0 = Debug|Any CPU
		{0F7B4E29-6F82-4944-9302-7D3DEA9FA4B2}.Release|Any CPU.ActiveCfg = Release|Any CPU
		{0F7B4E29-6F82-4944-9302-7D3DEA9FA4B2}.Release|Any CPU.Build.0 = Release|Any CPU
		{0F7B4E29-6F82-4944-9302-7D3DEA9FA4B2}.Debug|iPhoneSimulator.ActiveCfg = Debug|Any CPU
		{0F7B4E29-6F82-4944-9302-7D3DEA9FA4B2}.Debug|iPhoneSimulator.Build.0 = Debug|Any CPU
		{0F7B4E29-6F82-4944-9302-7D3DEA9FA4B2}.Release|iPhone.ActiveCfg = Release|Any CPU
		{0F7B4E29-6F82-4944-9302-7D3DEA9FA4B2}.Release|iPhone.Build.0 = Release|Any CPU
		{0F7B4E29-6F82-4944-9302-7D3DEA9FA4B2}.Release|iPhoneSimulator.ActiveCfg = Release|Any CPU
		{0F7B4E29-6F82-4944-9302-7D3DEA9FA4B2}.Release|iPhoneSimulator.Build.0 = Release|Any CPU
		{0F7B4E29-6F82-4944-9302-7D3DEA9FA4B2}.Debug|iPhone.ActiveCfg = Debug|Any CPU
		{0F7B4E29-6F82-4944-9302-7D3DEA9FA4B2}.Debug|iPhone.Build.0 = Debug|Any CPU
	EndGlobalSection
EndGlobal
